// !$*UTF8*$!
{
	archiveVersion = 1;
	classes = {
	};
	objectVersion = 56;
	objects = {

/* Begin PBXBuildFile section */
		040404392A2D48A7000659CB /* LQButtonsView.swift in Sources */ = {isa = PBXBuildFile; fileRef = 040404382A2D48A7000659CB /* LQButtonsView.swift */; };
		0404043B2A2D4A6E000659CB /* LQTextfieldsView.swift in Sources */ = {isa = PBXBuildFile; fileRef = 0404043A2A2D4A6E000659CB /* LQTextfieldsView.swift */; };
		04A17C012A2BA4920060FC33 /* ExampleApp.swift in Sources */ = {isa = PBXBuildFile; fileRef = 04A17C002A2BA4920060FC33 /* ExampleApp.swift */; };
		04A17C032A2BA4920060FC33 /* ContentView.swift in Sources */ = {isa = PBXBuildFile; fileRef = 04A17C022A2BA4920060FC33 /* ContentView.swift */; };
		04A17C052A2BA4940060FC33 /* Assets.xcassets in Resources */ = {isa = PBXBuildFile; fileRef = 04A17C042A2BA4940060FC33 /* Assets.xcassets */; };
		04A17C082A2BA4940060FC33 /* Preview Assets.xcassets in Resources */ = {isa = PBXBuildFile; fileRef = 04A17C072A2BA4940060FC33 /* Preview Assets.xcassets */; };
		04A17C132A2BA5270060FC33 /* Liquisset in Frameworks */ = {isa = PBXBuildFile; productRef = 04A17C122A2BA5270060FC33 /* Liquisset */; };
		04A17C172A2BA8320060FC33 /* Extensions.swift in Sources */ = {isa = PBXBuildFile; fileRef = 04A17C162A2BA8320060FC33 /* Extensions.swift */; };
/* End PBXBuildFile section */

/* Begin PBXFileReference section */
		040404382A2D48A7000659CB /* LQButtonsView.swift */ = {isa = PBXFileReference; lastKnownFileType = sourcecode.swift; path = LQButtonsView.swift; sourceTree = "<group>"; };
		0404043A2A2D4A6E000659CB /* LQTextfieldsView.swift */ = {isa = PBXFileReference; lastKnownFileType = sourcecode.swift; path = LQTextfieldsView.swift; sourceTree = "<group>"; };
		04A17BFD2A2BA4920060FC33 /* Example.app */ = {isa = PBXFileReference; explicitFileType = wrapper.application; includeInIndex = 0; path = Example.app; sourceTree = BUILT_PRODUCTS_DIR; };
		04A17C002A2BA4920060FC33 /* ExampleApp.swift */ = {isa = PBXFileReference; lastKnownFileType = sourcecode.swift; path = ExampleApp.swift; sourceTree = "<group>"; };
		04A17C022A2BA4920060FC33 /* ContentView.swift */ = {isa = PBXFileReference; lastKnownFileType = sourcecode.swift; path = ContentView.swift; sourceTree = "<group>"; };
		04A17C042A2BA4940060FC33 /* Assets.xcassets */ = {isa = PBXFileReference; lastKnownFileType = folder.assetcatalog; path = Assets.xcassets; sourceTree = "<group>"; };
		04A17C072A2BA4940060FC33 /* Preview Assets.xcassets */ = {isa = PBXFileReference; lastKnownFileType = folder.assetcatalog; path = "Preview Assets.xcassets"; sourceTree = "<group>"; };
		04A17C112A2BA5160060FC33 /* Liquisset */ = {isa = PBXFileReference; lastKnownFileType = wrapper; name = Liquisset; path = ..; sourceTree = "<group>"; };
		04A17C162A2BA8320060FC33 /* Extensions.swift */ = {isa = PBXFileReference; lastKnownFileType = sourcecode.swift; path = Extensions.swift; sourceTree = "<group>"; };
/* End PBXFileReference section */

/* Begin PBXFrameworksBuildPhase section */
		04A17BFA2A2BA4910060FC33 /* Frameworks */ = {
			isa = PBXFrameworksBuildPhase;
			buildActionMask = 2147483647;
			files = (
				04A17C132A2BA5270060FC33 /* Liquisset in Frameworks */,
			);
			runOnlyForDeploymentPostprocessing = 0;
		};
/* End PBXFrameworksBuildPhase section */

/* Begin PBXGroup section */
		040404372A2D4888000659CB /* Components */ = {
			isa = PBXGroup;
			children = (
				040404382A2D48A7000659CB /* LQButtonsView.swift */,
				0404043A2A2D4A6E000659CB /* LQTextfieldsView.swift */,
			);
			path = Components;
			sourceTree = "<group>";
		};
		04A17BF42A2BA4910060FC33 = {
			isa = PBXGroup;
			children = (
				04A17C0E2A2BA4B00060FC33 /* Packages */,
				04A17BFF2A2BA4920060FC33 /* Example */,
				04A17BFE2A2BA4920060FC33 /* Products */,
				04A17C102A2BA5020060FC33 /* Frameworks */,
			);
			sourceTree = "<group>";
		};
		04A17BFE2A2BA4920060FC33 /* Products */ = {
			isa = PBXGroup;
			children = (
				04A17BFD2A2BA4920060FC33 /* Example.app */,
			);
			name = Products;
			sourceTree = "<group>";
		};
		04A17BFF2A2BA4920060FC33 /* Example */ = {
			isa = PBXGroup;
			children = (
				040404372A2D4888000659CB /* Components */,
				04A17C152A2BA8270060FC33 /* Utils */,
				04A17C002A2BA4920060FC33 /* ExampleApp.swift */,
				04A17C022A2BA4920060FC33 /* ContentView.swift */,
				04A17C042A2BA4940060FC33 /* Assets.xcassets */,
				04A17C062A2BA4940060FC33 /* Preview Content */,
			);
			path = Example;
			sourceTree = "<group>";
		};
		04A17C062A2BA4940060FC33 /* Preview Content */ = {
			isa = PBXGroup;
			children = (
				04A17C072A2BA4940060FC33 /* Preview Assets.xcassets */,
			);
			path = "Preview Content";
			sourceTree = "<group>";
		};
		04A17C0E2A2BA4B00060FC33 /* Packages */ = {
			isa = PBXGroup;
			children = (
				04A17C112A2BA5160060FC33 /* Liquisset */,
			);
			name = Packages;
			sourceTree = "<group>";
		};
		04A17C102A2BA5020060FC33 /* Frameworks */ = {
			isa = PBXGroup;
			children = (
			);
			name = Frameworks;
			sourceTree = "<group>";
		};
		04A17C152A2BA8270060FC33 /* Utils */ = {
			isa = PBXGroup;
			children = (
				04A17C162A2BA8320060FC33 /* Extensions.swift */,
			);
			path = Utils;
			sourceTree = "<group>";
		};
/* End PBXGroup section */

/* Begin PBXNativeTarget section */
		04A17BFC2A2BA4910060FC33 /* Example */ = {
			isa = PBXNativeTarget;
			buildConfigurationList = 04A17C0B2A2BA4940060FC33 /* Build configuration list for PBXNativeTarget "Example" */;
			buildPhases = (
				04A17BF92A2BA4910060FC33 /* Sources */,
				04A17BFA2A2BA4910060FC33 /* Frameworks */,
				04A17BFB2A2BA4910060FC33 /* Resources */,
			);
			buildRules = (
			);
			dependencies = (
			);
			name = Example;
			packageProductDependencies = (
				04A17C122A2BA5270060FC33 /* Liquisset */,
			);
			productName = Example;
			productReference = 04A17BFD2A2BA4920060FC33 /* Example.app */;
			productType = "com.apple.product-type.application";
		};
/* End PBXNativeTarget section */

/* Begin PBXProject section */
		04A17BF52A2BA4910060FC33 /* Project object */ = {
			isa = PBXProject;
			attributes = {
				BuildIndependentTargetsInParallel = 1;
				LastSwiftUpdateCheck = 1430;
				LastUpgradeCheck = 1430;
				TargetAttributes = {
					04A17BFC2A2BA4910060FC33 = {
						CreatedOnToolsVersion = 14.3.1;
					};
				};
			};
			buildConfigurationList = 04A17BF82A2BA4910060FC33 /* Build configuration list for PBXProject "Example" */;
			compatibilityVersion = "Xcode 14.0";
			developmentRegion = en;
			hasScannedForEncodings = 0;
			knownRegions = (
				en,
				Base,
			);
			mainGroup = 04A17BF42A2BA4910060FC33;
			productRefGroup = 04A17BFE2A2BA4920060FC33 /* Products */;
			projectDirPath = "";
			projectRoot = "";
			targets = (
				04A17BFC2A2BA4910060FC33 /* Example */,
			);
		};
/* End PBXProject section */

/* Begin PBXResourcesBuildPhase section */
		04A17BFB2A2BA4910060FC33 /* Resources */ = {
			isa = PBXResourcesBuildPhase;
			buildActionMask = 2147483647;
			files = (
				04A17C082A2BA4940060FC33 /* Preview Assets.xcassets in Resources */,
				04A17C052A2BA4940060FC33 /* Assets.xcassets in Resources */,
			);
			runOnlyForDeploymentPostprocessing = 0;
		};
/* End PBXResourcesBuildPhase section */

/* Begin PBXSourcesBuildPhase section */
		04A17BF92A2BA4910060FC33 /* Sources */ = {
			isa = PBXSourcesBuildPhase;
			buildActionMask = 2147483647;
			files = (
				04A17C032A2BA4920060FC33 /* ContentView.swift in Sources */,
				040404392A2D48A7000659CB /* LQButtonsView.swift in Sources */,
				0404043B2A2D4A6E000659CB /* LQTextfieldsView.swift in Sources */,
				04A17C172A2BA8320060FC33 /* Extensions.swift in Sources */,
				04A17C012A2BA4920060FC33 /* ExampleApp.swift in Sources */,
			);
			runOnlyForDeploymentPostprocessing = 0;
		};
/* End PBXSourcesBuildPhase section */

/* Begin XCBuildConfiguration section */
		04A17C092A2BA4940060FC33 /* Debug */ = {
			isa = XCBuildConfiguration;
			buildSettings = {
				ALWAYS_SEARCH_USER_PATHS = NO;
				CLANG_ANALYZER_NONNULL = YES;
				CLANG_ANALYZER_NUMBER_OBJECT_CONVERSION = YES_AGGRESSIVE;
				CLANG_CXX_LANGUAGE_STANDARD = "gnu++20";
				CLANG_ENABLE_MODULES = YES;
				CLANG_ENABLE_OBJC_ARC = YES;
				CLANG_ENABLE_OBJC_WEAK = YES;
				CLANG_WARN_BLOCK_CAPTURE_AUTORELEASING = YES;
				CLANG_WARN_BOOL_CONVERSION = YES;
				CLANG_WARN_COMMA = YES;
				CLANG_WARN_CONSTANT_CONVERSION = YES;
				CLANG_WARN_DEPRECATED_OBJC_IMPLEMENTATIONS = YES;
				CLANG_WARN_DIRECT_OBJC_ISA_USAGE = YES_ERROR;
				CLANG_WARN_DOCUMENTATION_COMMENTS = YES;
				CLANG_WARN_EMPTY_BODY = YES;
				CLANG_WARN_ENUM_CONVERSION = YES;
				CLANG_WARN_INFINITE_RECURSION = YES;
				CLANG_WARN_INT_CONVERSION = YES;
				CLANG_WARN_NON_LITERAL_NULL_CONVERSION = YES;
				CLANG_WARN_OBJC_IMPLICIT_RETAIN_SELF = YES;
				CLANG_WARN_OBJC_LITERAL_CONVERSION = YES;
				CLANG_WARN_OBJC_ROOT_CLASS = YES_ERROR;
				CLANG_WARN_QUOTED_INCLUDE_IN_FRAMEWORK_HEADER = YES;
				CLANG_WARN_RANGE_LOOP_ANALYSIS = YES;
				CLANG_WARN_STRICT_PROTOTYPES = YES;
				CLANG_WARN_SUSPICIOUS_MOVE = YES;
				CLANG_WARN_UNGUARDED_AVAILABILITY = YES_AGGRESSIVE;
				CLANG_WARN_UNREACHABLE_CODE = YES;
				CLANG_WARN__DUPLICATE_METHOD_MATCH = YES;
				COPY_PHASE_STRIP = NO;
				DEBUG_INFORMATION_FORMAT = dwarf;
				ENABLE_STRICT_OBJC_MSGSEND = YES;
				ENABLE_TESTABILITY = YES;
				GCC_C_LANGUAGE_STANDARD = gnu11;
				GCC_DYNAMIC_NO_PIC = NO;
				GCC_NO_COMMON_BLOCKS = YES;
				GCC_OPTIMIZATION_LEVEL = 0;
				GCC_PREPROCESSOR_DEFINITIONS = (
					"DEBUG=1",
					"$(inherited)",
				);
				GCC_WARN_64_TO_32_BIT_CONVERSION = YES;
				GCC_WARN_ABOUT_RETURN_TYPE = YES_ERROR;
				GCC_WARN_UNDECLARED_SELECTOR = YES;
				GCC_WARN_UNINITIALIZED_AUTOS = YES_AGGRESSIVE;
				GCC_WARN_UNUSED_FUNCTION = YES;
				GCC_WARN_UNUSED_VARIABLE = YES;
				IPHONEOS_DEPLOYMENT_TARGET = 14.0;
				MTL_ENABLE_DEBUG_INFO = INCLUDE_SOURCE;
				MTL_FAST_MATH = YES;
				ONLY_ACTIVE_ARCH = YES;
				SDKROOT = iphoneos;
				SWIFT_ACTIVE_COMPILATION_CONDITIONS = DEBUG;
				SWIFT_OPTIMIZATION_LEVEL = "-Onone";
			};
			name = Debug;
		};
		04A17C0A2A2BA4940060FC33 /* Release */ = {
			isa = XCBuildConfiguration;
			buildSettings = {
				ALWAYS_SEARCH_USER_PATHS = NO;
				CLANG_ANALYZER_NONNULL = YES;
				CLANG_ANALYZER_NUMBER_OBJECT_CONVERSION = YES_AGGRESSIVE;
				CLANG_CXX_LANGUAGE_STANDARD = "gnu++20";
				CLANG_ENABLE_MODULES = YES;
				CLANG_ENABLE_OBJC_ARC = YES;
				CLANG_ENABLE_OBJC_WEAK = YES;
				CLANG_WARN_BLOCK_CAPTURE_AUTORELEASING = YES;
				CLANG_WARN_BOOL_CONVERSION = YES;
				CLANG_WARN_COMMA = YES;
				CLANG_WARN_CONSTANT_CONVERSION = YES;
				CLANG_WARN_DEPRECATED_OBJC_IMPLEMENTATIONS = YES;
				CLANG_WARN_DIRECT_OBJC_ISA_USAGE = YES_ERROR;
				CLANG_WARN_DOCUMENTATION_COMMENTS = YES;
				CLANG_WARN_EMPTY_BODY = YES;
				CLANG_WARN_ENUM_CONVERSION = YES;
				CLANG_WARN_INFINITE_RECURSION = YES;
				CLANG_WARN_INT_CONVERSION = YES;
				CLANG_WARN_NON_LITERAL_NULL_CONVERSION = YES;
				CLANG_WARN_OBJC_IMPLICIT_RETAIN_SELF = YES;
				CLANG_WARN_OBJC_LITERAL_CONVERSION = YES;
				CLANG_WARN_OBJC_ROOT_CLASS = YES_ERROR;
				CLANG_WARN_QUOTED_INCLUDE_IN_FRAMEWORK_HEADER = YES;
				CLANG_WARN_RANGE_LOOP_ANALYSIS = YES;
				CLANG_WARN_STRICT_PROTOTYPES = YES;
				CLANG_WARN_SUSPICIOUS_MOVE = YES;
				CLANG_WARN_UNGUARDED_AVAILABILITY = YES_AGGRESSIVE;
				CLANG_WARN_UNREACHABLE_CODE = YES;
				CLANG_WARN__DUPLICATE_METHOD_MATCH = YES;
				COPY_PHASE_STRIP = NO;
				DEBUG_INFORMATION_FORMAT = "dwarf-with-dsym";
				ENABLE_NS_ASSERTIONS = NO;
				ENABLE_STRICT_OBJC_MSGSEND = YES;
				GCC_C_LANGUAGE_STANDARD = gnu11;
				GCC_NO_COMMON_BLOCKS = YES;
				GCC_WARN_64_TO_32_BIT_CONVERSION = YES;
				GCC_WARN_ABOUT_RETURN_TYPE = YES_ERROR;
				GCC_WARN_UNDECLARED_SELECTOR = YES;
				GCC_WARN_UNINITIALIZED_AUTOS = YES_AGGRESSIVE;
				GCC_WARN_UNUSED_FUNCTION = YES;
				GCC_WARN_UNUSED_VARIABLE = YES;
				IPHONEOS_DEPLOYMENT_TARGET = 14.0;
				MTL_ENABLE_DEBUG_INFO = NO;
				MTL_FAST_MATH = YES;
				SDKROOT = iphoneos;
				SWIFT_COMPILATION_MODE = wholemodule;
				SWIFT_OPTIMIZATION_LEVEL = "-O";
				VALIDATE_PRODUCT = YES;
			};
			name = Release;
		};
		04A17C0C2A2BA4940060FC33 /* Debug */ = {
			isa = XCBuildConfiguration;
			buildSettings = {
				ASSETCATALOG_COMPILER_APPICON_NAME = AppIcon;
				ASSETCATALOG_COMPILER_GLOBAL_ACCENT_COLOR_NAME = AccentColor;
				CODE_SIGN_STYLE = Automatic;
				CURRENT_PROJECT_VERSION = 1;
				DEVELOPMENT_ASSET_PATHS = "\"Example/Preview Content\"";
				DEVELOPMENT_TEAM = WQ6NF47M42;
				ENABLE_PREVIEWS = YES;
				GENERATE_INFOPLIST_FILE = YES;
				INFOPLIST_KEY_UIApplicationSceneManifest_Generation = YES;
				INFOPLIST_KEY_UIApplicationSupportsIndirectInputEvents = YES;
				INFOPLIST_KEY_UILaunchScreen_Generation = YES;
				INFOPLIST_KEY_UISupportedInterfaceOrientations_iPad = "UIInterfaceOrientationPortrait UIInterfaceOrientationPortraitUpsideDown UIInterfaceOrientationLandscapeLeft UIInterfaceOrientationLandscapeRight";
				INFOPLIST_KEY_UISupportedInterfaceOrientations_iPhone = "UIInterfaceOrientationPortrait UIInterfaceOrientationLandscapeLeft UIInterfaceOrientationLandscapeRight";
				LD_RUNPATH_SEARCH_PATHS = (
					"$(inherited)",
					"@executable_path/Frameworks",
				);
				MARKETING_VERSION = 1.0;
				PRODUCT_BUNDLE_IDENTIFIER = com.liquisset.Example;
				PRODUCT_NAME = "$(TARGET_NAME)";
				SWIFT_EMIT_LOC_STRINGS = YES;
				SWIFT_VERSION = 5.0;
				TARGETED_DEVICE_FAMILY = "1,2";
			};
			name = Debug;
		};
		04A17C0D2A2BA4940060FC33 /* Release */ = {
			isa = XCBuildConfiguration;
			buildSettings = {
				ASSETCATALOG_COMPILER_APPICON_NAME = AppIcon;
				ASSETCATALOG_COMPILER_GLOBAL_ACCENT_COLOR_NAME = AccentColor;
				CODE_SIGN_STYLE = Automatic;
				CURRENT_PROJECT_VERSION = 1;
				DEVELOPMENT_ASSET_PATHS = "\"Example/Preview Content\"";
				DEVELOPMENT_TEAM = WQ6NF47M42;
				ENABLE_PREVIEWS = YES;
				GENERATE_INFOPLIST_FILE = YES;
				INFOPLIST_KEY_UIApplicationSceneManifest_Generation = YES;
				INFOPLIST_KEY_UIApplicationSupportsIndirectInputEvents = YES;
				INFOPLIST_KEY_UILaunchScreen_Generation = YES;
				INFOPLIST_KEY_UISupportedInterfaceOrientations_iPad = "UIInterfaceOrientationPortrait UIInterfaceOrientationPortraitUpsideDown UIInterfaceOrientationLandscapeLeft UIInterfaceOrientationLandscapeRight";
				INFOPLIST_KEY_UISupportedInterfaceOrientations_iPhone = "UIInterfaceOrientationPortrait UIInterfaceOrientationLandscapeLeft UIInterfaceOrientationLandscapeRight";
				LD_RUNPATH_SEARCH_PATHS = (
					"$(inherited)",
					"@executable_path/Frameworks",
				);
				MARKETING_VERSION = 1.0;
				PRODUCT_BUNDLE_IDENTIFIER = com.liquisset.Example;
				PRODUCT_NAME = "$(TARGET_NAME)";
				SWIFT_EMIT_LOC_STRINGS = YES;
				SWIFT_VERSION = 5.0;
				TARGETED_DEVICE_FAMILY = "1,2";
			};
			name = Release;
		};
/* End XCBuildConfiguration section */

/* Begin XCConfigurationList section */
		04A17BF82A2BA4910060FC33 /* Build configuration list for PBXProject "Example" */ = {
			isa = XCConfigurationList;
			buildConfigurations = (
				04A17C092A2BA4940060FC33 /* Debug */,
				04A17C0A2A2BA4940060FC33 /* Release */,
			);
			defaultConfigurationIsVisible = 0;
			defaultConfigurationName = Release;
		};
		04A17C0B2A2BA4940060FC33 /* Build configuration list for PBXNativeTarget "Example" */ = {
			isa = XCConfigurationList;
			buildConfigurations = (
				04A17C0C2A2BA4940060FC33 /* Debug */,
				04A17C0D2A2BA4940060FC33 /* Release */,
			);
			defaultConfigurationIsVisible = 0;
			defaultConfigurationName = Release;
		};
/* End XCConfigurationList section */

/* Begin XCSwiftPackageProductDependency section */
		04A17C122A2BA5270060FC33 /* Liquisset */ = {
			isa = XCSwiftPackageProductDependency;
			productName = Liquisset;
		};
/* End XCSwiftPackageProductDependency section */
	};
	rootObject = 04A17BF52A2BA4910060FC33 /* Project object */;
}
